
Microsoft Visual Studio Solution File, Format Version 12.00
# Visual Studio Version 17
VisualStudioVersion = 17.11.35327.3
MinimumVisualStudioVersion = 10.0.40219.1
Project("{FAE04EC0-301F-11D3-BF4B-00C04F79EFBC}") = "MineFieldGame", "MineFieldGame\MineFieldGame.csproj", "{62187596-45A8-413D-BAD1-848BC783BF75}"
EndProject
Project("{FAE04EC0-301F-11D3-BF4B-00C04F79EFBC}") = "MineFieldGameUnitTests", "MineFieldGameUnitTests\MineFieldGameUnitTests.csproj", "{C32D6210-819B-4101-A252-62F5EA1F75CD}"
EndProject
Global
	GlobalSection(SolutionConfigurationPlatforms) = preSolution
		Debug|Any CPU = Debug|Any CPU
		Release|Any CPU = Release|Any CPU
	EndGlobalSection
	GlobalSection(ProjectConfigurationPlatforms) = postSolution
		{62187596-45A8-413D-BAD1-848BC783BF75}.Debug|Any CPU.ActiveCfg = Debug|Any CPU
		{62187596-45A8-413D-BAD1-848BC783BF75}.Debug|Any CPU.Build.0 = Debug|Any CPU
		{62187596-45A8-413D-BAD1-848BC783BF75}.Release|Any CPU.ActiveCfg = Release|Any CPU
		{62187596-45A8-413D-BAD1-848BC783BF75}.Release|Any CPU.Build.0 = Release|Any CPU
		{C32D6210-819B-4101-A252-62F5EA1F75CD}.Debug|Any CPU.ActiveCfg = Debug|Any CPU
		{C32D6210-819B-4101-A252-62F5EA1F75CD}.Debug|Any CPU.Build.0 = Debug|Any CPU
		{C32D6210-819B-4101-A252-62F5EA1F75CD}.Release|Any CPU.ActiveCfg = Release|Any CPU
		{C32D6210-819B-4101-A252-62F5EA1F75CD}.Release|Any CPU.Build.0 = Release|Any CPU
	EndGlobalSection
	GlobalSection(SolutionProperties) = preSolution
		HideSolutionNode = FALSE
	EndGlobalSection
	GlobalSection(ExtensibilityGlobals) = postSolution
		SolutionGuid = {A77B9414-C554-4B0F-BB88-3411C1341C17}
	EndGlobalSection
EndGlobal
